// !$*UTF8*$!
{
	archiveVersion = 1;
	classes = {
	};
	objectVersion = 50;
	objects = {

/* Begin PBXBuildFile section */
		ED47E74C24E453EA00AE5E8B /* ContentBlockView.swift in Sources */ = {isa = PBXBuildFile; fileRef = ED47E74B24E453EA00AE5E8B /* ContentBlockView.swift */; };
		ED93AF4D24E3EEE600959206 /* Data.json in Resources */ = {isa = PBXBuildFile; fileRef = ED93AF4C24E3EEE500959206 /* Data.json */; };
		ED93AF4F24E3FC2300959206 /* SaveView.swift in Sources */ = {isa = PBXBuildFile; fileRef = ED93AF4E24E3FC2300959206 /* SaveView.swift */; };
		ED93AF5224E4075D00959206 /* quoteModel.swift in Sources */ = {isa = PBXBuildFile; fileRef = ED93AF5124E4075D00959206 /* quoteModel.swift */; };
		ED93AF5524E4077F00959206 /* quoteViewModel.swift in Sources */ = {isa = PBXBuildFile; fileRef = ED93AF5424E4077F00959206 /* quoteViewModel.swift */; };
		EDB9909C24E3E54B00A03B66 /* AppDelegate.swift in Sources */ = {isa = PBXBuildFile; fileRef = EDB9909B24E3E54B00A03B66 /* AppDelegate.swift */; };
		EDB9909E24E3E54B00A03B66 /* SceneDelegate.swift in Sources */ = {isa = PBXBuildFile; fileRef = EDB9909D24E3E54B00A03B66 /* SceneDelegate.swift */; };
		EDB990A024E3E54B00A03B66 /* TapBarView.swift in Sources */ = {isa = PBXBuildFile; fileRef = EDB9909F24E3E54B00A03B66 /* TapBarView.swift */; };
		EDB990A224E3E55000A03B66 /* Assets.xcassets in Resources */ = {isa = PBXBuildFile; fileRef = EDB990A124E3E55000A03B66 /* Assets.xcassets */; };
		EDB990A524E3E55000A03B66 /* Preview Assets.xcassets in Resources */ = {isa = PBXBuildFile; fileRef = EDB990A424E3E55000A03B66 /* Preview Assets.xcassets */; };
		EDB990A824E3E55000A03B66 /* LaunchScreen.storyboard in Resources */ = {isa = PBXBuildFile; fileRef = EDB990A624E3E55000A03B66 /* LaunchScreen.storyboard */; };
		EDB990B124E3EAB600A03B66 /* RandomQuoteView.swift in Sources */ = {isa = PBXBuildFile; fileRef = EDB990B024E3EAB600A03B66 /* RandomQuoteView.swift */; };
/* End PBXBuildFile section */

/* Begin PBXFileReference section */
		ED47E74B24E453EA00AE5E8B /* ContentBlockView.swift */ = {isa = PBXFileReference; lastKnownFileType = sourcecode.swift; path = ContentBlockView.swift; sourceTree = "<group>"; };
		ED93AF4C24E3EEE500959206 /* Data.json */ = {isa = PBXFileReference; fileEncoding = 4; lastKnownFileType = text.json; path = Data.json; sourceTree = "<group>"; };
		ED93AF4E24E3FC2300959206 /* SaveView.swift */ = {isa = PBXFileReference; lastKnownFileType = sourcecode.swift; path = SaveView.swift; sourceTree = "<group>"; };
		ED93AF5124E4075D00959206 /* quoteModel.swift */ = {isa = PBXFileReference; lastKnownFileType = sourcecode.swift; path = quoteModel.swift; sourceTree = "<group>"; };
		ED93AF5424E4077F00959206 /* quoteViewModel.swift */ = {isa = PBXFileReference; lastKnownFileType = sourcecode.swift; path = quoteViewModel.swift; sourceTree = "<group>"; };
		EDB9909824E3E54B00A03B66 /* RandomQuote.app */ = {isa = PBXFileReference; explicitFileType = wrapper.application; includeInIndex = 0; path = RandomQuote.app; sourceTree = BUILT_PRODUCTS_DIR; };
		EDB9909B24E3E54B00A03B66 /* AppDelegate.swift */ = {isa = PBXFileReference; lastKnownFileType = sourcecode.swift; path = AppDelegate.swift; sourceTree = "<group>"; };
		EDB9909D24E3E54B00A03B66 /* SceneDelegate.swift */ = {isa = PBXFileReference; lastKnownFileType = sourcecode.swift; path = SceneDelegate.swift; sourceTree = "<group>"; };
		EDB9909F24E3E54B00A03B66 /* TapBarView.swift */ = {isa = PBXFileReference; lastKnownFileType = sourcecode.swift; path = TapBarView.swift; sourceTree = "<group>"; };
		EDB990A124E3E55000A03B66 /* Assets.xcassets */ = {isa = PBXFileReference; lastKnownFileType = folder.assetcatalog; path = Assets.xcassets; sourceTree = "<group>"; };
		EDB990A424E3E55000A03B66 /* Preview Assets.xcassets */ = {isa = PBXFileReference; lastKnownFileType = folder.assetcatalog; path = "Preview Assets.xcassets"; sourceTree = "<group>"; };
		EDB990A724E3E55000A03B66 /* Base */ = {isa = PBXFileReference; lastKnownFileType = file.storyboard; name = Base; path = Base.lproj/LaunchScreen.storyboard; sourceTree = "<group>"; };
		EDB990A924E3E55000A03B66 /* Info.plist */ = {isa = PBXFileReference; lastKnownFileType = text.plist.xml; path = Info.plist; sourceTree = "<group>"; };
		EDB990B024E3EAB600A03B66 /* RandomQuoteView.swift */ = {isa = PBXFileReference; lastKnownFileType = sourcecode.swift; path = RandomQuoteView.swift; sourceTree = "<group>"; };
/* End PBXFileReference section */

/* Begin PBXFrameworksBuildPhase section */
		EDB9909524E3E54B00A03B66 /* Frameworks */ = {
			isa = PBXFrameworksBuildPhase;
			buildActionMask = 2147483647;
			files = (
			);
			runOnlyForDeploymentPostprocessing = 0;
		};
/* End PBXFrameworksBuildPhase section */

/* Begin PBXGroup section */
		ED93AF5024E4074E00959206 /* Model */ = {
			isa = PBXGroup;
			children = (
				ED93AF5124E4075D00959206 /* quoteModel.swift */,
			);
			path = Model;
			sourceTree = "<group>";
		};
		EDB9908F24E3E54B00A03B66 = {
			isa = PBXGroup;
			children = (
				EDB9909A24E3E54B00A03B66 /* RandomQuote */,
				EDB9909924E3E54B00A03B66 /* Products */,
			);
			sourceTree = "<group>";
		};
		EDB9909924E3E54B00A03B66 /* Products */ = {
			isa = PBXGroup;
			children = (
				EDB9909824E3E54B00A03B66 /* RandomQuote.app */,
			);
			name = Products;
			sourceTree = "<group>";
		};
		EDB9909A24E3E54B00A03B66 /* RandomQuote */ = {
			isa = PBXGroup;
			children = (
				EDB990AF24E3EA9700A03B66 /* View */,
				ED93AF4C24E3EEE500959206 /* Data.json */,
				ED93AF5024E4074E00959206 /* Model */,
				ED93AF5424E4077F00959206 /* quoteViewModel.swift */,
				EDB9909B24E3E54B00A03B66 /* AppDelegate.swift */,
				EDB9909D24E3E54B00A03B66 /* SceneDelegate.swift */,
				EDB990A124E3E55000A03B66 /* Assets.xcassets */,
				EDB990A624E3E55000A03B66 /* LaunchScreen.storyboard */,
				EDB990A924E3E55000A03B66 /* Info.plist */,
				EDB990A324E3E55000A03B66 /* Preview Content */,
			);
			path = RandomQuote;
			sourceTree = "<group>";
		};
		EDB990A324E3E55000A03B66 /* Preview Content */ = {
			isa = PBXGroup;
			children = (
				EDB990A424E3E55000A03B66 /* Preview Assets.xcassets */,
			);
			path = "Preview Content";
			sourceTree = "<group>";
		};
		EDB990AF24E3EA9700A03B66 /* View */ = {
			isa = PBXGroup;
			children = (
				EDB9909F24E3E54B00A03B66 /* TapBarView.swift */,
				EDB990B024E3EAB600A03B66 /* RandomQuoteView.swift */,
				ED93AF4E24E3FC2300959206 /* SaveView.swift */,
				ED47E74B24E453EA00AE5E8B /* ContentBlockView.swift */,
			);
			path = View;
			sourceTree = "<group>";
		};
/* End PBXGroup section */

/* Begin PBXNativeTarget section */
		EDB9909724E3E54B00A03B66 /* RandomQuote */ = {
			isa = PBXNativeTarget;
			buildConfigurationList = EDB990AC24E3E55000A03B66 /* Build configuration list for PBXNativeTarget "RandomQuote" */;
			buildPhases = (
				EDB9909424E3E54B00A03B66 /* Sources */,
				EDB9909524E3E54B00A03B66 /* Frameworks */,
				EDB9909624E3E54B00A03B66 /* Resources */,
			);
			buildRules = (
			);
			dependencies = (
			);
			name = RandomQuote;
			productName = RandomQuote;
			productReference = EDB9909824E3E54B00A03B66 /* RandomQuote.app */;
			productType = "com.apple.product-type.application";
		};
/* End PBXNativeTarget section */

/* Begin PBXProject section */
		EDB9909024E3E54B00A03B66 /* Project object */ = {
			isa = PBXProject;
			attributes = {
				LastSwiftUpdateCheck = 1160;
				LastUpgradeCheck = 1160;
				ORGANIZATIONNAME = "Кирилл";
				TargetAttributes = {
					EDB9909724E3E54B00A03B66 = {
						CreatedOnToolsVersion = 11.6;
					};
				};
			};
			buildConfigurationList = EDB9909324E3E54B00A03B66 /* Build configuration list for PBXProject "RandomQuote" */;
			compatibilityVersion = "Xcode 9.3";
			developmentRegion = en;
			hasScannedForEncodings = 0;
			knownRegions = (
				en,
				Base,
			);
			mainGroup = EDB9908F24E3E54B00A03B66;
			productRefGroup = EDB9909924E3E54B00A03B66 /* Products */;
			projectDirPath = "";
			projectRoot = "";
			targets = (
				EDB9909724E3E54B00A03B66 /* RandomQuote */,
			);
		};
/* End PBXProject section */

/* Begin PBXResourcesBuildPhase section */
		EDB9909624E3E54B00A03B66 /* Resources */ = {
			isa = PBXResourcesBuildPhase;
			buildActionMask = 2147483647;
			files = (
				EDB990A824E3E55000A03B66 /* LaunchScreen.storyboard in Resources */,
				EDB990A524E3E55000A03B66 /* Preview Assets.xcassets in Resources */,
				ED93AF4D24E3EEE600959206 /* Data.json in Resources */,
				EDB990A224E3E55000A03B66 /* Assets.xcassets in Resources */,
			);
			runOnlyForDeploymentPostprocessing = 0;
		};
/* End PBXResourcesBuildPhase section */

/* Begin PBXSourcesBuildPhase section */
		EDB9909424E3E54B00A03B66 /* Sources */ = {
			isa = PBXSourcesBuildPhase;
			buildActionMask = 2147483647;
			files = (
				EDB9909C24E3E54B00A03B66 /* AppDelegate.swift in Sources */,
				EDB9909E24E3E54B00A03B66 /* SceneDelegate.swift in Sources */,
				ED47E74C24E453EA00AE5E8B /* ContentBlockView.swift in Sources */,
				ED93AF5524E4077F00959206 /* quoteViewModel.swift in Sources */,
				ED93AF4F24E3FC2300959206 /* SaveView.swift in Sources */,
				EDB990B124E3EAB600A03B66 /* RandomQuoteView.swift in Sources */,
				ED93AF5224E4075D00959206 /* quoteModel.swift in Sources */,
				EDB990A024E3E54B00A03B66 /* TapBarView.swift in Sources */,
			);
			runOnlyForDeploymentPostprocessing = 0;
		};
/* End PBXSourcesBuildPhase section */

/* Begin PBXVariantGroup section */
		EDB990A624E3E55000A03B66 /* LaunchScreen.storyboard */ = {
			isa = PBXVariantGroup;
			children = (
				EDB990A724E3E55000A03B66 /* Base */,
			);
			name = LaunchScreen.storyboard;
			sourceTree = "<group>";
		};
/* End PBXVariantGroup section */

/* Begin XCBuildConfiguration section */
		EDB990AA24E3E55000A03B66 /* Debug */ = {
			isa = XCBuildConfiguration;
			buildSettings = {
				ALWAYS_SEARCH_USER_PATHS = NO;
				CLANG_ANALYZER_NONNULL = YES;
				CLANG_ANALYZER_NUMBER_OBJECT_CONVERSION = YES_AGGRESSIVE;
				CLANG_CXX_LANGUAGE_STANDARD = "gnu++14";
				CLANG_CXX_LIBRARY = "libc++";
				CLANG_ENABLE_MODULES = YES;
				CLANG_ENABLE_OBJC_ARC = YES;
				CLANG_ENABLE_OBJC_WEAK = YES;
				CLANG_WARN_BLOCK_CAPTURE_AUTORELEASING = YES;
				CLANG_WARN_BOOL_CONVERSION = YES;
				CLANG_WARN_COMMA = YES;
				CLANG_WARN_CONSTANT_CONVERSION = YES;
				CLANG_WARN_DEPRECATED_OBJC_IMPLEMENTATIONS = YES;
				CLANG_WARN_DIRECT_OBJC_ISA_USAGE = YES_ERROR;
				CLANG_WARN_DOCUMENTATION_COMMENTS = YES;
				CLANG_WARN_EMPTY_BODY = YES;
				CLANG_WARN_ENUM_CONVERSION = YES;
				CLANG_WARN_INFINITE_RECURSION = YES;
				CLANG_WARN_INT_CONVERSION = YES;
				CLANG_WARN_NON_LITERAL_NULL_CONVERSION = YES;
				CLANG_WARN_OBJC_IMPLICIT_RETAIN_SELF = YES;
				CLANG_WARN_OBJC_LITERAL_CONVERSION = YES;
				CLANG_WARN_OBJC_ROOT_CLASS = YES_ERROR;
				CLANG_WARN_RANGE_LOOP_ANALYSIS = YES;
				CLANG_WARN_STRICT_PROTOTYPES = YES;
				CLANG_WARN_SUSPICIOUS_MOVE = YES;
				CLANG_WARN_UNGUARDED_AVAILABILITY = YES_AGGRESSIVE;
				CLANG_WARN_UNREACHABLE_CODE = YES;
				CLANG_WARN__DUPLICATE_METHOD_MATCH = YES;
				COPY_PHASE_STRIP = NO;
				DEBUG_INFORMATION_FORMAT = dwarf;
				ENABLE_STRICT_OBJC_MSGSEND = YES;
				ENABLE_TESTABILITY = YES;
				GCC_C_LANGUAGE_STANDARD = gnu11;
				GCC_DYNAMIC_NO_PIC = NO;
				GCC_NO_COMMON_BLOCKS = YES;
				GCC_OPTIMIZATION_LEVEL = 0;
				GCC_PREPROCESSOR_DEFINITIONS = (
					"DEBUG=1",
					"$(inherited)",
				);
				GCC_WARN_64_TO_32_BIT_CONVERSION = YES;
				GCC_WARN_ABOUT_RETURN_TYPE = YES_ERROR;
				GCC_WARN_UNDECLARED_SELECTOR = YES;
				GCC_WARN_UNINITIALIZED_AUTOS = YES_AGGRESSIVE;
				GCC_WARN_UNUSED_FUNCTION = YES;
				GCC_WARN_UNUSED_VARIABLE = YES;
				IPHONEOS_DEPLOYMENT_TARGET = 13.6;
				MTL_ENABLE_DEBUG_INFO = INCLUDE_SOURCE;
				MTL_FAST_MATH = YES;
				ONLY_ACTIVE_ARCH = YES;
				SDKROOT = iphoneos;
				SWIFT_ACTIVE_COMPILATION_CONDITIONS = DEBUG;
				SWIFT_OPTIMIZATION_LEVEL = "-Onone";
			};
			name = Debug;
		};
		EDB990AB24E3E55000A03B66 /* Release */ = {
			isa = XCBuildConfiguration;
			buildSettings = {
				ALWAYS_SEARCH_USER_PATHS = NO;
				CLANG_ANALYZER_NONNULL = YES;
				CLANG_ANALYZER_NUMBER_OBJECT_CONVERSION = YES_AGGRESSIVE;
				CLANG_CXX_LANGUAGE_STANDARD = "gnu++14";
				CLANG_CXX_LIBRARY = "libc++";
				CLANG_ENABLE_MODULES = YES;
				CLANG_ENABLE_OBJC_ARC = YES;
				CLANG_ENABLE_OBJC_WEAK = YES;
				CLANG_WARN_BLOCK_CAPTURE_AUTORELEASING = YES;
				CLANG_WARN_BOOL_CONVERSION = YES;
				CLANG_WARN_COMMA = YES;
				CLANG_WARN_CONSTANT_CONVERSION = YES;
				CLANG_WARN_DEPRECATED_OBJC_IMPLEMENTATIONS = YES;
				CLANG_WARN_DIRECT_OBJC_ISA_USAGE = YES_ERROR;
				CLANG_WARN_DOCUMENTATION_COMMENTS = YES;
				CLANG_WARN_EMPTY_BODY = YES;
				CLANG_WARN_ENUM_CONVERSION = YES;
				CLANG_WARN_INFINITE_RECURSION = YES;
				CLANG_WARN_INT_CONVERSION = YES;
				CLANG_WARN_NON_LITERAL_NULL_CONVERSION = YES;
				CLANG_WARN_OBJC_IMPLICIT_RETAIN_SELF = YES;
				CLANG_WARN_OBJC_LITERAL_CONVERSION = YES;
				CLANG_WARN_OBJC_ROOT_CLASS = YES_ERROR;
				CLANG_WARN_RANGE_LOOP_ANALYSIS = YES;
				CLANG_WARN_STRICT_PROTOTYPES = YES;
				CLANG_WARN_SUSPICIOUS_MOVE = YES;
				CLANG_WARN_UNGUARDED_AVAILABILITY = YES_AGGRESSIVE;
				CLANG_WARN_UNREACHABLE_CODE = YES;
				CLANG_WARN__DUPLICATE_METHOD_MATCH = YES;
				COPY_PHASE_STRIP = NO;
				DEBUG_INFORMATION_FORMAT = "dwarf-with-dsym";
				ENABLE_NS_ASSERTIONS = NO;
				ENABLE_STRICT_OBJC_MSGSEND = YES;
				GCC_C_LANGUAGE_STANDARD = gnu11;
				GCC_NO_COMMON_BLOCKS = YES;
				GCC_WARN_64_TO_32_BIT_CONVERSION = YES;
				GCC_WARN_ABOUT_RETURN_TYPE = YES_ERROR;
				GCC_WARN_UNDECLARED_SELECTOR = YES;
				GCC_WARN_UNINITIALIZED_AUTOS = YES_AGGRESSIVE;
				GCC_WARN_UNUSED_FUNCTION = YES;
				GCC_WARN_UNUSED_VARIABLE = YES;
				IPHONEOS_DEPLOYMENT_TARGET = 13.6;
				MTL_ENABLE_DEBUG_INFO = NO;
				MTL_FAST_MATH = YES;
				SDKROOT = iphoneos;
				SWIFT_COMPILATION_MODE = wholemodule;
				SWIFT_OPTIMIZATION_LEVEL = "-O";
				VALIDATE_PRODUCT = YES;
			};
			name = Release;
		};
		EDB990AD24E3E55000A03B66 /* Debug */ = {
			isa = XCBuildConfiguration;
			buildSettings = {
				ASSETCATALOG_COMPILER_APPICON_NAME = AppIcon;
				CODE_SIGN_STYLE = Automatic;
				DEVELOPMENT_ASSET_PATHS = "\"RandomQuote/Preview Content\"";
				DEVELOPMENT_TEAM = ZQ27S689GF;
				ENABLE_PREVIEWS = YES;
				INFOPLIST_FILE = RandomQuote/Info.plist;
				IPHONEOS_DEPLOYMENT_TARGET = 13.0;
				LD_RUNPATH_SEARCH_PATHS = (
					"$(inherited)",
					"@executable_path/Frameworks",
				);
				PRODUCT_BUNDLE_IDENTIFIER = "kiraykor-project.RandomQuote";
				PRODUCT_NAME = "$(TARGET_NAME)";
				SWIFT_VERSION = 5.0;
				TARGETED_DEVICE_FAMILY = "1,2";
			};
			name = Debug;
		};
		EDB990AE24E3E55000A03B66 /* Release */ = {
			isa = XCBuildConfiguration;
			buildSettings = {
				ASSETCATALOG_COMPILER_APPICON_NAME = AppIcon;
				CODE_SIGN_STYLE = Automatic;
				DEVELOPMENT_ASSET_PATHS = "\"RandomQuote/Preview Content\"";
				DEVELOPMENT_TEAM = ZQ27S689GF;
				ENABLE_PREVIEWS = YES;
				INFOPLIST_FILE = RandomQuote/Info.plist;
				IPHONEOS_DEPLOYMENT_TARGET = 13.0;
				LD_RUNPATH_SEARCH_PATHS = (
					"$(inherited)",
					"@executable_path/Frameworks",
				);
				PRODUCT_BUNDLE_IDENTIFIER = "kiraykor-project.RandomQuote";
				PRODUCT_NAME = "$(TARGET_NAME)";
				SWIFT_VERSION = 5.0;
				TARGETED_DEVICE_FAMILY = "1,2";
			};
			name = Release;
		};
/* End XCBuildConfiguration section */

/* Begin XCConfigurationList section */
		EDB9909324E3E54B00A03B66 /* Build configuration list for PBXProject "RandomQuote" */ = {
			isa = XCConfigurationList;
			buildConfigurations = (
				EDB990AA24E3E55000A03B66 /* Debug */,
				EDB990AB24E3E55000A03B66 /* Release */,
			);
			defaultConfigurationIsVisible = 0;
			defaultConfigurationName = Release;
		};
		EDB990AC24E3E55000A03B66 /* Build configuration list for PBXNativeTarget "RandomQuote" */ = {
			isa = XCConfigurationList;
			buildConfigurations = (
				EDB990AD24E3E55000A03B66 /* Debug */,
				EDB990AE24E3E55000A03B66 /* Release */,
			);
			defaultConfigurationIsVisible = 0;
			defaultConfigurationName = Release;
		};
/* End XCConfigurationList section */
	};
	rootObject = EDB9909024E3E54B00A03B66 /* Project object */;
}
